
Microsoft Visual Studio Solution File, Format Version 12.00
# Visual Studio 2012
Project("{FAE04EC0-301F-11D3-BF4B-00C04F79EFBC}") = "Pilarometro.App.Portable", "Pilarometro.App.Portable\Pilarometro.App.Portable.csproj", "{27444EC9-B0C8-49F8-8548-4102EE09FF9C}"
EndProject
Project("{FAE04EC0-301F-11D3-BF4B-00C04F79EFBC}") = "Pilarometro.App.Android", "Pilarometro.App.Android\Pilarometro.App.Android.csproj", "{8C84E9EF-803C-4871-A884-E02BFC97787C}"
EndProject
Global
	GlobalSection(SolutionConfigurationPlatforms) = preSolution
		Debug|Any CPU = Debug|Any CPU
		Release|Any CPU = Release|Any CPU
	EndGlobalSection
	GlobalSection(ProjectConfigurationPlatforms) = postSolution
		{27444EC9-B0C8-49F8-8548-4102EE09FF9C}.Debug|Any CPU.ActiveCfg = Debug|Any CPU
		{27444EC9-B0C8-49F8-8548-4102EE09FF9C}.Debug|Any CPU.Build.0 = Debug|Any CPU
		{27444EC9-B0C8-49F8-8548-4102EE09FF9C}.Release|Any CPU.ActiveCfg = Release|Any CPU
		{27444EC9-B0C8-49F8-8548-4102EE09FF9C}.Release|Any CPU.Build.0 = Release|Any CPU
		{8C84E9EF-803C-4871-A884-E02BFC97787C}.Debug|Any CPU.ActiveCfg = Debug|Any CPU
		{8C84E9EF-803C-4871-A884-E02BFC97787C}.Debug|Any CPU.Build.0 = Debug|Any CPU
		{8C84E9EF-803C-4871-A884-E02BFC97787C}.Release|Any CPU.ActiveCfg = Release|Any CPU
		{8C84E9EF-803C-4871-A884-E02BFC97787C}.Release|Any CPU.Build.0 = Release|Any CPU
	EndGlobalSection
EndGlobal
